Microsoft Visual Studio Solution File, Format Version 12.00
# Visual Studio 15
VisualStudioVersion = 15.0.26430.14
MinimumVisualStudioVersion = 10.0.40219.1
Project("{2150E333-8FDC-42A3-9474-1A3956D46DE8}") = "Mobile", "Mobile", "{E4F33413-89DC-4E3B-9D1C-91CF9AD61737}"
EndProject
Project("{2150E333-8FDC-42A3-9474-1A3956D46DE8}") = "API", "API", "{4E5DB6D8-7880-42FD-A218-78514ED38912}"
EndProject
Project("{FAE04EC0-301F-11D3-BF4B-00C04F79EFBC}") = "FluToDo.Api.Core", "API\Core\FluToDo.Api.Core.csproj", "{042BBC29-C2AE-4DE9-96D1-EF01281D5C70}"
EndProject
Project("{FAE04EC0-301F-11D3-BF4B-00C04F79EFBC}") = "FluToDo.Api.Server", "API\Server\FluToDo.Api.Server.csproj", "{79623C90-8DAB-4DFC-954B-95F4210694DB}"
EndProject
Global
	GlobalSection(SolutionConfigurationPlatforms) = preSolution
		Debug|Any CPU = Debug|Any CPU
		Debug|x86 = Debug|x86
		Release|Any CPU = Release|Any CPU
		Release|x86 = Release|x86
	EndGlobalSection
	GlobalSection(ProjectConfigurationPlatforms) = postSolution
		{042BBC29-C2AE-4DE9-96D1-EF01281D5C70}.Debug|Any CPU.ActiveCfg = Debug|Any CPU
		{042BBC29-C2AE-4DE9-96D1-EF01281D5C70}.Debug|Any CPU.Build.0 = Debug|Any CPU
		{042BBC29-C2AE-4DE9-96D1-EF01281D5C70}.Debug|x86.ActiveCfg = Debug|Any CPU
		{042BBC29-C2AE-4DE9-96D1-EF01281D5C70}.Debug|x86.Build.0 = Debug|Any CPU
		{042BBC29-C2AE-4DE9-96D1-EF01281D5C70}.Release|Any CPU.ActiveCfg = Release|Any CPU
		{042BBC29-C2AE-4DE9-96D1-EF01281D5C70}.Release|Any CPU.Build.0 = Release|Any CPU
		{042BBC29-C2AE-4DE9-96D1-EF01281D5C70}.Release|x86.ActiveCfg = Release|Any CPU
		{042BBC29-C2AE-4DE9-96D1-EF01281D5C70}.Release|x86.Build.0 = Release|Any CPU
		{79623C90-8DAB-4DFC-954B-95F4210694DB}.Debug|Any CPU.ActiveCfg = Debug|x86
		{79623C90-8DAB-4DFC-954B-95F4210694DB}.Debug|x86.ActiveCfg = Debug|x86
		{79623C90-8DAB-4DFC-954B-95F4210694DB}.Debug|x86.Build.0 = Debug|x86
		{79623C90-8DAB-4DFC-954B-95F4210694DB}.Release|Any CPU.ActiveCfg = Release|x86
		{79623C90-8DAB-4DFC-954B-95F4210694DB}.Release|x86.ActiveCfg = Release|x86
		{79623C90-8DAB-4DFC-954B-95F4210694DB}.Release|x86.Build.0 = Release|x86
	EndGlobalSection
	GlobalSection(SolutionProperties) = preSolution
		HideSolutionNode = FALSE
	EndGlobalSection
	GlobalSection(NestedProjects) = preSolution
		{042BBC29-C2AE-4DE9-96D1-EF01281D5C70} = {4E5DB6D8-7880-42FD-A218-78514ED38912}
		{79623C90-8DAB-4DFC-954B-95F4210694DB} = {4E5DB6D8-7880-42FD-A218-78514ED38912}
	EndGlobalSection
EndGlobal
